// !$*UTF8*$!
{
	archiveVersion = 1;
	classes = {
	};
	objectVersion = 56;
	objects = {

/* Begin PBXBuildFile section */
		135DEDFFC596058FFF5B6BDD /* Pods_TikTokTests.framework in Frameworks */ = {isa = PBXBuildFile; fileRef = A3CB65C4104036CEB18936E5 /* Pods_TikTokTests.framework */; };
		44B0C157DA55B49BDD8082EB /* Pods_TikTok_TikTokUITests.framework in Frameworks */ = {isa = PBXBuildFile; fileRef = C0326CA530A11CDFB89AA56C /* Pods_TikTok_TikTokUITests.framework */; };
		D97653272A44E671002A1B53 /* VideoTableViewCell.swift in Sources */ = {isa = PBXBuildFile; fileRef = D97653262A44E671002A1B53 /* VideoTableViewCell.swift */; };
		D9E9D1812A44D92D00F19CD7 /* AppDelegate.swift in Sources */ = {isa = PBXBuildFile; fileRef = D9E9D1802A44D92D00F19CD7 /* AppDelegate.swift */; };
		D9E9D1832A44D92D00F19CD7 /* SceneDelegate.swift in Sources */ = {isa = PBXBuildFile; fileRef = D9E9D1822A44D92D00F19CD7 /* SceneDelegate.swift */; };
		D9E9D1852A44D92D00F19CD7 /* ViewController.swift in Sources */ = {isa = PBXBuildFile; fileRef = D9E9D1842A44D92D00F19CD7 /* ViewController.swift */; };
		D9E9D1882A44D92D00F19CD7 /* Main.storyboard in Resources */ = {isa = PBXBuildFile; fileRef = D9E9D1862A44D92D00F19CD7 /* Main.storyboard */; };
		D9E9D18A2A44D93000F19CD7 /* Assets.xcassets in Resources */ = {isa = PBXBuildFile; fileRef = D9E9D1892A44D93000F19CD7 /* Assets.xcassets */; };
		D9E9D18D2A44D93000F19CD7 /* LaunchScreen.storyboard in Resources */ = {isa = PBXBuildFile; fileRef = D9E9D18B2A44D93000F19CD7 /* LaunchScreen.storyboard */; };
		D9E9D1982A44D93100F19CD7 /* TikTokTests.swift in Sources */ = {isa = PBXBuildFile; fileRef = D9E9D1972A44D93100F19CD7 /* TikTokTests.swift */; };
		D9E9D1A22A44D93100F19CD7 /* TikTokUITests.swift in Sources */ = {isa = PBXBuildFile; fileRef = D9E9D1A12A44D93100F19CD7 /* TikTokUITests.swift */; };
		D9E9D1A42A44D93100F19CD7 /* TikTokUITestsLaunchTests.swift in Sources */ = {isa = PBXBuildFile; fileRef = D9E9D1A32A44D93100F19CD7 /* TikTokUITestsLaunchTests.swift */; };
		ED56A11DD50A930731F26CDC /* Pods_TikTok.framework in Frameworks */ = {isa = PBXBuildFile; fileRef = ABF2D70798B1FB88A7370433 /* Pods_TikTok.framework */; };
/* End PBXBuildFile section */

/* Begin PBXContainerItemProxy section */
		D9E9D1942A44D93100F19CD7 /* PBXContainerItemProxy */ = {
			isa = PBXContainerItemProxy;
			containerPortal = D9E9D1752A44D92D00F19CD7 /* Project object */;
			proxyType = 1;
			remoteGlobalIDString = D9E9D17C2A44D92D00F19CD7;
			remoteInfo = TikTok;
		};
		D9E9D19E2A44D93100F19CD7 /* PBXContainerItemProxy */ = {
			isa = PBXContainerItemProxy;
			containerPortal = D9E9D1752A44D92D00F19CD7 /* Project object */;
			proxyType = 1;
			remoteGlobalIDString = D9E9D17C2A44D92D00F19CD7;
			remoteInfo = TikTok;
		};
/* End PBXContainerItemProxy section */

/* Begin PBXFileReference section */
		303067F4F68F996BE0D32B1F /* Pods-TikTok-TikTokUITests.debug.xcconfig */ = {isa = PBXFileReference; includeInIndex = 1; lastKnownFileType = text.xcconfig; name = "Pods-TikTok-TikTokUITests.debug.xcconfig"; path = "Target Support Files/Pods-TikTok-TikTokUITests/Pods-TikTok-TikTokUITests.debug.xcconfig"; sourceTree = "<group>"; };
		3CAA540253843F5BBF55F83B /* Pods-TikTok-TikTokUITests.release.xcconfig */ = {isa = PBXFileReference; includeInIndex = 1; lastKnownFileType = text.xcconfig; name = "Pods-TikTok-TikTokUITests.release.xcconfig"; path = "Target Support Files/Pods-TikTok-TikTokUITests/Pods-TikTok-TikTokUITests.release.xcconfig"; sourceTree = "<group>"; };
		40391D350CB3DF5E7935E580 /* Pods-TikTokTests.debug.xcconfig */ = {isa = PBXFileReference; includeInIndex = 1; lastKnownFileType = text.xcconfig; name = "Pods-TikTokTests.debug.xcconfig"; path = "Target Support Files/Pods-TikTokTests/Pods-TikTokTests.debug.xcconfig"; sourceTree = "<group>"; };
		50E312B25114DB56B96F6466 /* Pods-TikTok.release.xcconfig */ = {isa = PBXFileReference; includeInIndex = 1; lastKnownFileType = text.xcconfig; name = "Pods-TikTok.release.xcconfig"; path = "Target Support Files/Pods-TikTok/Pods-TikTok.release.xcconfig"; sourceTree = "<group>"; };
		A3CB65C4104036CEB18936E5 /* Pods_TikTokTests.framework */ = {isa = PBXFileReference; explicitFileType = wrapper.framework; includeInIndex = 0; path = Pods_TikTokTests.framework; sourceTree = BUILT_PRODUCTS_DIR; };
		ABF2D70798B1FB88A7370433 /* Pods_TikTok.framework */ = {isa = PBXFileReference; explicitFileType = wrapper.framework; includeInIndex = 0; path = Pods_TikTok.framework; sourceTree = BUILT_PRODUCTS_DIR; };
		BAF06B61E9C50A631D92E9DC /* Pods-TikTokTests.release.xcconfig */ = {isa = PBXFileReference; includeInIndex = 1; lastKnownFileType = text.xcconfig; name = "Pods-TikTokTests.release.xcconfig"; path = "Target Support Files/Pods-TikTokTests/Pods-TikTokTests.release.xcconfig"; sourceTree = "<group>"; };
		C0326CA530A11CDFB89AA56C /* Pods_TikTok_TikTokUITests.framework */ = {isa = PBXFileReference; explicitFileType = wrapper.framework; includeInIndex = 0; path = Pods_TikTok_TikTokUITests.framework; sourceTree = BUILT_PRODUCTS_DIR; };
		D97653262A44E671002A1B53 /* VideoTableViewCell.swift */ = {isa = PBXFileReference; lastKnownFileType = sourcecode.swift; path = VideoTableViewCell.swift; sourceTree = "<group>"; };
		D9E9D17D2A44D92D00F19CD7 /* TikTok.app */ = {isa = PBXFileReference; explicitFileType = wrapper.application; includeInIndex = 0; path = TikTok.app; sourceTree = BUILT_PRODUCTS_DIR; };
		D9E9D1802A44D92D00F19CD7 /* AppDelegate.swift */ = {isa = PBXFileReference; lastKnownFileType = sourcecode.swift; path = AppDelegate.swift; sourceTree = "<group>"; };
		D9E9D1822A44D92D00F19CD7 /* SceneDelegate.swift */ = {isa = PBXFileReference; lastKnownFileType = sourcecode.swift; path = SceneDelegate.swift; sourceTree = "<group>"; };
		D9E9D1842A44D92D00F19CD7 /* ViewController.swift */ = {isa = PBXFileReference; lastKnownFileType = sourcecode.swift; path = ViewController.swift; sourceTree = "<group>"; };
		D9E9D1872A44D92D00F19CD7 /* Base */ = {isa = PBXFileReference; lastKnownFileType = file.storyboard; name = Base; path = Base.lproj/Main.storyboard; sourceTree = "<group>"; };
		D9E9D1892A44D93000F19CD7 /* Assets.xcassets */ = {isa = PBXFileReference; lastKnownFileType = folder.assetcatalog; path = Assets.xcassets; sourceTree = "<group>"; };
		D9E9D18C2A44D93000F19CD7 /* Base */ = {isa = PBXFileReference; lastKnownFileType = file.storyboard; name = Base; path = Base.lproj/LaunchScreen.storyboard; sourceTree = "<group>"; };
		D9E9D18E2A44D93000F19CD7 /* Info.plist */ = {isa = PBXFileReference; lastKnownFileType = text.plist.xml; path = Info.plist; sourceTree = "<group>"; };
		D9E9D1932A44D93100F19CD7 /* TikTokTests.xctest */ = {isa = PBXFileReference; explicitFileType = wrapper.cfbundle; includeInIndex = 0; path = TikTokTests.xctest; sourceTree = BUILT_PRODUCTS_DIR; };
		D9E9D1972A44D93100F19CD7 /* TikTokTests.swift */ = {isa = PBXFileReference; lastKnownFileType = sourcecode.swift; path = TikTokTests.swift; sourceTree = "<group>"; };
		D9E9D19D2A44D93100F19CD7 /* TikTokUITests.xctest */ = {isa = PBXFileReference; explicitFileType = wrapper.cfbundle; includeInIndex = 0; path = TikTokUITests.xctest; sourceTree = BUILT_PRODUCTS_DIR; };
		D9E9D1A12A44D93100F19CD7 /* TikTokUITests.swift */ = {isa = PBXFileReference; lastKnownFileType = sourcecode.swift; path = TikTokUITests.swift; sourceTree = "<group>"; };
		D9E9D1A32A44D93100F19CD7 /* TikTokUITestsLaunchTests.swift */ = {isa = PBXFileReference; lastKnownFileType = sourcecode.swift; path = TikTokUITestsLaunchTests.swift; sourceTree = "<group>"; };
		DD2C02955EF631EE6023D170 /* Pods-TikTok.debug.xcconfig */ = {isa = PBXFileReference; includeInIndex = 1; lastKnownFileType = text.xcconfig; name = "Pods-TikTok.debug.xcconfig"; path = "Target Support Files/Pods-TikTok/Pods-TikTok.debug.xcconfig"; sourceTree = "<group>"; };
/* End PBXFileReference section */

/* Begin PBXFrameworksBuildPhase section */
		D9E9D17A2A44D92D00F19CD7 /* Frameworks */ = {
			isa = PBXFrameworksBuildPhase;
			buildActionMask = 2147483647;
			files = (
				ED56A11DD50A930731F26CDC /* Pods_TikTok.framework in Frameworks */,
			);
			runOnlyForDeploymentPostprocessing = 0;
		};
		D9E9D1902A44D93100F19CD7 /* Frameworks */ = {
			isa = PBXFrameworksBuildPhase;
			buildActionMask = 2147483647;
			files = (
				135DEDFFC596058FFF5B6BDD /* Pods_TikTokTests.framework in Frameworks */,
			);
			runOnlyForDeploymentPostprocessing = 0;
		};
		D9E9D19A2A44D93100F19CD7 /* Frameworks */ = {
			isa = PBXFrameworksBuildPhase;
			buildActionMask = 2147483647;
			files = (
				44B0C157DA55B49BDD8082EB /* Pods_TikTok_TikTokUITests.framework in Frameworks */,
			);
			runOnlyForDeploymentPostprocessing = 0;
		};
/* End PBXFrameworksBuildPhase section */

/* Begin PBXGroup section */
		6682CD2DF8AFF6A06A47157A /* Pods */ = {
			isa = PBXGroup;
			children = (
				DD2C02955EF631EE6023D170 /* Pods-TikTok.debug.xcconfig */,
				50E312B25114DB56B96F6466 /* Pods-TikTok.release.xcconfig */,
				303067F4F68F996BE0D32B1F /* Pods-TikTok-TikTokUITests.debug.xcconfig */,
				3CAA540253843F5BBF55F83B /* Pods-TikTok-TikTokUITests.release.xcconfig */,
				40391D350CB3DF5E7935E580 /* Pods-TikTokTests.debug.xcconfig */,
				BAF06B61E9C50A631D92E9DC /* Pods-TikTokTests.release.xcconfig */,
			);
			path = Pods;
			sourceTree = "<group>";
		};
		8F87FE10C8883269D6414356 /* Frameworks */ = {
			isa = PBXGroup;
			children = (
				ABF2D70798B1FB88A7370433 /* Pods_TikTok.framework */,
				C0326CA530A11CDFB89AA56C /* Pods_TikTok_TikTokUITests.framework */,
				A3CB65C4104036CEB18936E5 /* Pods_TikTokTests.framework */,
			);
			name = Frameworks;
			sourceTree = "<group>";
		};
		D9E9D1742A44D92D00F19CD7 = {
			isa = PBXGroup;
			children = (
				D9E9D17F2A44D92D00F19CD7 /* TikTok */,
				D9E9D1962A44D93100F19CD7 /* TikTokTests */,
				D9E9D1A02A44D93100F19CD7 /* TikTokUITests */,
				D9E9D17E2A44D92D00F19CD7 /* Products */,
				6682CD2DF8AFF6A06A47157A /* Pods */,
				8F87FE10C8883269D6414356 /* Frameworks */,
			);
			sourceTree = "<group>";
		};
		D9E9D17E2A44D92D00F19CD7 /* Products */ = {
			isa = PBXGroup;
			children = (
				D9E9D17D2A44D92D00F19CD7 /* TikTok.app */,
				D9E9D1932A44D93100F19CD7 /* TikTokTests.xctest */,
				D9E9D19D2A44D93100F19CD7 /* TikTokUITests.xctest */,
			);
			name = Products;
			sourceTree = "<group>";
		};
		D9E9D17F2A44D92D00F19CD7 /* TikTok */ = {
			isa = PBXGroup;
			children = (
				D9E9D1802A44D92D00F19CD7 /* AppDelegate.swift */,
				D9E9D1822A44D92D00F19CD7 /* SceneDelegate.swift */,
				D9E9D1842A44D92D00F19CD7 /* ViewController.swift */,
				D9E9D1862A44D92D00F19CD7 /* Main.storyboard */,
				D9E9D1892A44D93000F19CD7 /* Assets.xcassets */,
				D9E9D18B2A44D93000F19CD7 /* LaunchScreen.storyboard */,
				D9E9D18E2A44D93000F19CD7 /* Info.plist */,
				D97653262A44E671002A1B53 /* VideoTableViewCell.swift */,
			);
			path = TikTok;
			sourceTree = "<group>";
		};
		D9E9D1962A44D93100F19CD7 /* TikTokTests */ = {
			isa = PBXGroup;
			children = (
				D9E9D1972A44D93100F19CD7 /* TikTokTests.swift */,
			);
			path = TikTokTests;
			sourceTree = "<group>";
		};
		D9E9D1A02A44D93100F19CD7 /* TikTokUITests */ = {
			isa = PBXGroup;
			children = (
				D9E9D1A12A44D93100F19CD7 /* TikTokUITests.swift */,
				D9E9D1A32A44D93100F19CD7 /* TikTokUITestsLaunchTests.swift */,
			);
			path = TikTokUITests;
			sourceTree = "<group>";
		};
/* End PBXGroup section */

/* Begin PBXNativeTarget section */
		D9E9D17C2A44D92D00F19CD7 /* TikTok */ = {
			isa = PBXNativeTarget;
			buildConfigurationList = D9E9D1A72A44D93100F19CD7 /* Build configuration list for PBXNativeTarget "TikTok" */;
			buildPhases = (
				D6DD6B133169C681C1FE0BAB /* [CP] Check Pods Manifest.lock */,
				D9E9D1792A44D92D00F19CD7 /* Sources */,
				D9E9D17A2A44D92D00F19CD7 /* Frameworks */,
				D9E9D17B2A44D92D00F19CD7 /* Resources */,
				41575D25148DD532A0061E12 /* [CP] Embed Pods Frameworks */,
			);
			buildRules = (
			);
			dependencies = (
			);
			name = TikTok;
			productName = TikTok;
			productReference = D9E9D17D2A44D92D00F19CD7 /* TikTok.app */;
			productType = "com.apple.product-type.application";
		};
		D9E9D1922A44D93100F19CD7 /* TikTokTests */ = {
			isa = PBXNativeTarget;
			buildConfigurationList = D9E9D1AA2A44D93100F19CD7 /* Build configuration list for PBXNativeTarget "TikTokTests" */;
			buildPhases = (
				C55DD1D4249B76A462DF3B7A /* [CP] Check Pods Manifest.lock */,
				D9E9D18F2A44D93100F19CD7 /* Sources */,
				D9E9D1902A44D93100F19CD7 /* Frameworks */,
				D9E9D1912A44D93100F19CD7 /* Resources */,
			);
			buildRules = (
			);
			dependencies = (
				D9E9D1952A44D93100F19CD7 /* PBXTargetDependency */,
			);
			name = TikTokTests;
			productName = TikTokTests;
			productReference = D9E9D1932A44D93100F19CD7 /* TikTokTests.xctest */;
			productType = "com.apple.product-type.bundle.unit-test";
		};
		D9E9D19C2A44D93100F19CD7 /* TikTokUITests */ = {
			isa = PBXNativeTarget;
			buildConfigurationList = D9E9D1AD2A44D93100F19CD7 /* Build configuration list for PBXNativeTarget "TikTokUITests" */;
			buildPhases = (
				0EFBC0DC8EBF8B228DEFD639 /* [CP] Check Pods Manifest.lock */,
				D9E9D1992A44D93100F19CD7 /* Sources */,
				D9E9D19A2A44D93100F19CD7 /* Frameworks */,
				D9E9D19B2A44D93100F19CD7 /* Resources */,
				7D02AB1AE51CA6F818E91872 /* [CP] Embed Pods Frameworks */,
			);
			buildRules = (
			);
			dependencies = (
				D9E9D19F2A44D93100F19CD7 /* PBXTargetDependency */,
			);
			name = TikTokUITests;
			productName = TikTokUITests;
			productReference = D9E9D19D2A44D93100F19CD7 /* TikTokUITests.xctest */;
			productType = "com.apple.product-type.bundle.ui-testing";
		};
/* End PBXNativeTarget section */

/* Begin PBXProject section */
		D9E9D1752A44D92D00F19CD7 /* Project object */ = {
			isa = PBXProject;
			attributes = {
				BuildIndependentTargetsInParallel = 1;
				LastSwiftUpdateCheck = 1430;
				LastUpgradeCheck = 1430;
				TargetAttributes = {
					D9E9D17C2A44D92D00F19CD7 = {
						CreatedOnToolsVersion = 14.3.1;
					};
					D9E9D1922A44D93100F19CD7 = {
						CreatedOnToolsVersion = 14.3.1;
						TestTargetID = D9E9D17C2A44D92D00F19CD7;
					};
					D9E9D19C2A44D93100F19CD7 = {
						CreatedOnToolsVersion = 14.3.1;
						TestTargetID = D9E9D17C2A44D92D00F19CD7;
					};
				};
			};
			buildConfigurationList = D9E9D1782A44D92D00F19CD7 /* Build configuration list for PBXProject "TikTok" */;
			compatibilityVersion = "Xcode 14.0";
			developmentRegion = en;
			hasScannedForEncodings = 0;
			knownRegions = (
				en,
				Base,
			);
			mainGroup = D9E9D1742A44D92D00F19CD7;
			productRefGroup = D9E9D17E2A44D92D00F19CD7 /* Products */;
			projectDirPath = "";
			projectRoot = "";
			targets = (
				D9E9D17C2A44D92D00F19CD7 /* TikTok */,
				D9E9D1922A44D93100F19CD7 /* TikTokTests */,
				D9E9D19C2A44D93100F19CD7 /* TikTokUITests */,
			);
		};
/* End PBXProject section */

/* Begin PBXResourcesBuildPhase section */
		D9E9D17B2A44D92D00F19CD7 /* Resources */ = {
			isa = PBXResourcesBuildPhase;
			buildActionMask = 2147483647;
			files = (
				D9E9D18D2A44D93000F19CD7 /* LaunchScreen.storyboard in Resources */,
				D9E9D18A2A44D93000F19CD7 /* Assets.xcassets in Resources */,
				D9E9D1882A44D92D00F19CD7 /* Main.storyboard in Resources */,
			);
			runOnlyForDeploymentPostprocessing = 0;
		};
		D9E9D1912A44D93100F19CD7 /* Resources */ = {
			isa = PBXResourcesBuildPhase;
			buildActionMask = 2147483647;
			files = (
			);
			runOnlyForDeploymentPostprocessing = 0;
		};
		D9E9D19B2A44D93100F19CD7 /* Resources */ = {
			isa = PBXResourcesBuildPhase;
			buildActionMask = 2147483647;
			files = (
			);
			runOnlyForDeploymentPostprocessing = 0;
		};
/* End PBXResourcesBuildPhase section */

/* Begin PBXShellScriptBuildPhase section */
		0EFBC0DC8EBF8B228DEFD639 /* [CP] Check Pods Manifest.lock */ = {
			isa = PBXShellScriptBuildPhase;
			buildActionMask = 2147483647;
			files = (
			);
			inputFileListPaths = (
			);
			inputPaths = (
				"${PODS_PODFILE_DIR_PATH}/Podfile.lock",
				"${PODS_ROOT}/Manifest.lock",
			);
			name = "[CP] Check Pods Manifest.lock";
			outputFileListPaths = (
			);
			outputPaths = (
				"$(DERIVED_FILE_DIR)/Pods-TikTok-TikTokUITests-checkManifestLockResult.txt",
			);
			runOnlyForDeploymentPostprocessing = 0;
			shellPath = /bin/sh;
			shellScript = "diff \"${PODS_PODFILE_DIR_PATH}/Podfile.lock\" \"${PODS_ROOT}/Manifest.lock\" > /dev/null\nif [ $? != 0 ] ; then\n    # print error to STDERR\n    echo \"error: The sandbox is not in sync with the Podfile.lock. Run 'pod install' or update your CocoaPods installation.\" >&2\n    exit 1\nfi\n# This output is used by Xcode 'outputs' to avoid re-running this script phase.\necho \"SUCCESS\" > \"${SCRIPT_OUTPUT_FILE_0}\"\n";
			showEnvVarsInLog = 0;
		};
		41575D25148DD532A0061E12 /* [CP] Embed Pods Frameworks */ = {
			isa = PBXShellScriptBuildPhase;
			buildActionMask = 2147483647;
			files = (
			);
			inputFileListPaths = (
				"${PODS_ROOT}/Target Support Files/Pods-TikTok/Pods-TikTok-frameworks-${CONFIGURATION}-input-files.xcfilelist",
			);
			name = "[CP] Embed Pods Frameworks";
			outputFileListPaths = (
				"${PODS_ROOT}/Target Support Files/Pods-TikTok/Pods-TikTok-frameworks-${CONFIGURATION}-output-files.xcfilelist",
			);
			runOnlyForDeploymentPostprocessing = 0;
			shellPath = /bin/sh;
			shellScript = "\"${PODS_ROOT}/Target Support Files/Pods-TikTok/Pods-TikTok-frameworks.sh\"\n";
			showEnvVarsInLog = 0;
		};
		7D02AB1AE51CA6F818E91872 /* [CP] Embed Pods Frameworks */ = {
			isa = PBXShellScriptBuildPhase;
			buildActionMask = 2147483647;
			files = (
			);
			inputFileListPaths = (
				"${PODS_ROOT}/Target Support Files/Pods-TikTok-TikTokUITests/Pods-TikTok-TikTokUITests-frameworks-${CONFIGURATION}-input-files.xcfilelist",
			);
			name = "[CP] Embed Pods Frameworks";
			outputFileListPaths = (
				"${PODS_ROOT}/Target Support Files/Pods-TikTok-TikTokUITests/Pods-TikTok-TikTokUITests-frameworks-${CONFIGURATION}-output-files.xcfilelist",
			);
			runOnlyForDeploymentPostprocessing = 0;
			shellPath = /bin/sh;
			shellScript = "\"${PODS_ROOT}/Target Support Files/Pods-TikTok-TikTokUITests/Pods-TikTok-TikTokUITests-frameworks.sh\"\n";
			showEnvVarsInLog = 0;
		};
		C55DD1D4249B76A462DF3B7A /* [CP] Check Pods Manifest.lock */ = {
			isa = PBXShellScriptBuildPhase;
			buildActionMask = 2147483647;
			files = (
			);
			inputFileListPaths = (
			);
			inputPaths = (
				"${PODS_PODFILE_DIR_PATH}/Podfile.lock",
				"${PODS_ROOT}/Manifest.lock",
			);
			name = "[CP] Check Pods Manifest.lock";
			outputFileListPaths = (
			);
			outputPaths = (
				"$(DERIVED_FILE_DIR)/Pods-TikTokTests-checkManifestLockResult.txt",
			);
			runOnlyForDeploymentPostprocessing = 0;
			shellPath = /bin/sh;
			shellScript = "diff \"${PODS_PODFILE_DIR_PATH}/Podfile.lock\" \"${PODS_ROOT}/Manifest.lock\" > /dev/null\nif [ $? != 0 ] ; then\n    # print error to STDERR\n    echo \"error: The sandbox is not in sync with the Podfile.lock. Run 'pod install' or update your CocoaPods installation.\" >&2\n    exit 1\nfi\n# This output is used by Xcode 'outputs' to avoid re-running this script phase.\necho \"SUCCESS\" > \"${SCRIPT_OUTPUT_FILE_0}\"\n";
			showEnvVarsInLog = 0;
		};
		D6DD6B133169C681C1FE0BAB /* [CP] Check Pods Manifest.lock */ = {
			isa = PBXShellScriptBuildPhase;
			buildActionMask = 2147483647;
			files = (
			);
			inputFileListPaths = (
			);
			inputPaths = (
				"${PODS_PODFILE_DIR_PATH}/Podfile.lock",
				"${PODS_ROOT}/Manifest.lock",
			);
			name = "[CP] Check Pods Manifest.lock";
			outputFileListPaths = (
			);
			outputPaths = (
				"$(DERIVED_FILE_DIR)/Pods-TikTok-checkManifestLockResult.txt",
			);
			runOnlyForDeploymentPostprocessing = 0;
			shellPath = /bin/sh;
			shellScript = "diff \"${PODS_PODFILE_DIR_PATH}/Podfile.lock\" \"${PODS_ROOT}/Manifest.lock\" > /dev/null\nif [ $? != 0 ] ; then\n    # print error to STDERR\n    echo \"error: The sandbox is not in sync with the Podfile.lock. Run 'pod install' or update your CocoaPods installation.\" >&2\n    exit 1\nfi\n# This output is used by Xcode 'outputs' to avoid re-running this script phase.\necho \"SUCCESS\" > \"${SCRIPT_OUTPUT_FILE_0}\"\n";
			showEnvVarsInLog = 0;
		};
/* End PBXShellScriptBuildPhase section */

/* Begin PBXSourcesBuildPhase section */
		D9E9D1792A44D92D00F19CD7 /* Sources */ = {
			isa = PBXSourcesBuildPhase;
			buildActionMask = 2147483647;
			files = (
				D9E9D1852A44D92D00F19CD7 /* ViewController.swift in Sources */,
				D97653272A44E671002A1B53 /* VideoTableViewCell.swift in Sources */,
				D9E9D1812A44D92D00F19CD7 /* AppDelegate.swift in Sources */,
				D9E9D1832A44D92D00F19CD7 /* SceneDelegate.swift in Sources */,
			);
			runOnlyForDeploymentPostprocessing = 0;
		};
		D9E9D18F2A44D93100F19CD7 /* Sources */ = {
			isa = PBXSourcesBuildPhase;
			buildActionMask = 2147483647;
			files = (
				D9E9D1982A44D93100F19CD7 /* TikTokTests.swift in Sources */,
			);
			runOnlyForDeploymentPostprocessing = 0;
		};
		D9E9D1992A44D93100F19CD7 /* Sources */ = {
			isa = PBXSourcesBuildPhase;
			buildActionMask = 2147483647;
			files = (
				D9E9D1A42A44D93100F19CD7 /* TikTokUITestsLaunchTests.swift in Sources */,
				D9E9D1A22A44D93100F19CD7 /* TikTokUITests.swift in Sources */,
			);
			runOnlyForDeploymentPostprocessing = 0;
		};
/* End PBXSourcesBuildPhase section */

/* Begin PBXTargetDependency section */
		D9E9D1952A44D93100F19CD7 /* PBXTargetDependency */ = {
			isa = PBXTargetDependency;
			target = D9E9D17C2A44D92D00F19CD7 /* TikTok */;
			targetProxy = D9E9D1942A44D93100F19CD7 /* PBXContainerItemProxy */;
		};
		D9E9D19F2A44D93100F19CD7 /* PBXTargetDependency */ = {
			isa = PBXTargetDependency;
			target = D9E9D17C2A44D92D00F19CD7 /* TikTok */;
			targetProxy = D9E9D19E2A44D93100F19CD7 /* PBXContainerItemProxy */;
		};
/* End PBXTargetDependency section */

/* Begin PBXVariantGroup section */
		D9E9D1862A44D92D00F19CD7 /* Main.storyboard */ = {
			isa = PBXVariantGroup;
			children = (
				D9E9D1872A44D92D00F19CD7 /* Base */,
			);
			name = Main.storyboard;
			sourceTree = "<group>";
		};
		D9E9D18B2A44D93000F19CD7 /* LaunchScreen.storyboard */ = {
			isa = PBXVariantGroup;
			children = (
				D9E9D18C2A44D93000F19CD7 /* Base */,
			);
			name = LaunchScreen.storyboard;
			sourceTree = "<group>";
		};
/* End PBXVariantGroup section */

/* Begin XCBuildConfiguration section */
		D9E9D1A52A44D93100F19CD7 /* Debug */ = {
			isa = XCBuildConfiguration;
			buildSettings = {
				ALWAYS_SEARCH_USER_PATHS = NO;
				CLANG_ANALYZER_NONNULL = YES;
				CLANG_ANALYZER_NUMBER_OBJECT_CONVERSION = YES_AGGRESSIVE;
				CLANG_CXX_LANGUAGE_STANDARD = "gnu++20";
				CLANG_ENABLE_MODULES = YES;
				CLANG_ENABLE_OBJC_ARC = YES;
				CLANG_ENABLE_OBJC_WEAK = YES;
				CLANG_WARN_BLOCK_CAPTURE_AUTORELEASING = YES;
				CLANG_WARN_BOOL_CONVERSION = YES;
				CLANG_WARN_COMMA = YES;
				CLANG_WARN_CONSTANT_CONVERSION = YES;
				CLANG_WARN_DEPRECATED_OBJC_IMPLEMENTATIONS = YES;
				CLANG_WARN_DIRECT_OBJC_ISA_USAGE = YES_ERROR;
				CLANG_WARN_DOCUMENTATION_COMMENTS = YES;
				CLANG_WARN_EMPTY_BODY = YES;
				CLANG_WARN_ENUM_CONVERSION = YES;
				CLANG_WARN_INFINITE_RECURSION = YES;
				CLANG_WARN_INT_CONVERSION = YES;
				CLANG_WARN_NON_LITERAL_NULL_CONVERSION = YES;
				CLANG_WARN_OBJC_IMPLICIT_RETAIN_SELF = YES;
				CLANG_WARN_OBJC_LITERAL_CONVERSION = YES;
				CLANG_WARN_OBJC_ROOT_CLASS = YES_ERROR;
				CLANG_WARN_QUOTED_INCLUDE_IN_FRAMEWORK_HEADER = YES;
				CLANG_WARN_RANGE_LOOP_ANALYSIS = YES;
				CLANG_WARN_STRICT_PROTOTYPES = YES;
				CLANG_WARN_SUSPICIOUS_MOVE = YES;
				CLANG_WARN_UNGUARDED_AVAILABILITY = YES_AGGRESSIVE;
				CLANG_WARN_UNREACHABLE_CODE = YES;
				CLANG_WARN__DUPLICATE_METHOD_MATCH = YES;
				COPY_PHASE_STRIP = NO;
				DEBUG_INFORMATION_FORMAT = dwarf;
				ENABLE_STRICT_OBJC_MSGSEND = YES;
				ENABLE_TESTABILITY = YES;
				GCC_C_LANGUAGE_STANDARD = gnu11;
				GCC_DYNAMIC_NO_PIC = NO;
				GCC_NO_COMMON_BLOCKS = YES;
				GCC_OPTIMIZATION_LEVEL = 0;
				GCC_PREPROCESSOR_DEFINITIONS = (
					"DEBUG=1",
					"$(inherited)",
				);
				GCC_WARN_64_TO_32_BIT_CONVERSION = YES;
				GCC_WARN_ABOUT_RETURN_TYPE = YES_ERROR;
				GCC_WARN_UNDECLARED_SELECTOR = YES;
				GCC_WARN_UNINITIALIZED_AUTOS = YES_AGGRESSIVE;
				GCC_WARN_UNUSED_FUNCTION = YES;
				GCC_WARN_UNUSED_VARIABLE = YES;
				IPHONEOS_DEPLOYMENT_TARGET = 16.4;
				MTL_ENABLE_DEBUG_INFO = INCLUDE_SOURCE;
				MTL_FAST_MATH = YES;
				ONLY_ACTIVE_ARCH = YES;
				SDKROOT = iphoneos;
				SWIFT_ACTIVE_COMPILATION_CONDITIONS = DEBUG;
				SWIFT_OPTIMIZATION_LEVEL = "-Onone";
			};
			name = Debug;
		};
		D9E9D1A62A44D93100F19CD7 /* Release */ = {
			isa = XCBuildConfiguration;
			buildSettings = {
				ALWAYS_SEARCH_USER_PATHS = NO;
				CLANG_ANALYZER_NONNULL = YES;
				CLANG_ANALYZER_NUMBER_OBJECT_CONVERSION = YES_AGGRESSIVE;
				CLANG_CXX_LANGUAGE_STANDARD = "gnu++20";
				CLANG_ENABLE_MODULES = YES;
				CLANG_ENABLE_OBJC_ARC = YES;
				CLANG_ENABLE_OBJC_WEAK = YES;
				CLANG_WARN_BLOCK_CAPTURE_AUTORELEASING = YES;
				CLANG_WARN_BOOL_CONVERSION = YES;
				CLANG_WARN_COMMA = YES;
				CLANG_WARN_CONSTANT_CONVERSION = YES;
				CLANG_WARN_DEPRECATED_OBJC_IMPLEMENTATIONS = YES;
				CLANG_WARN_DIRECT_OBJC_ISA_USAGE = YES_ERROR;
				CLANG_WARN_DOCUMENTATION_COMMENTS = YES;
				CLANG_WARN_EMPTY_BODY = YES;
				CLANG_WARN_ENUM_CONVERSION = YES;
				CLANG_WARN_INFINITE_RECURSION = YES;
				CLANG_WARN_INT_CONVERSION = YES;
				CLANG_WARN_NON_LITERAL_NULL_CONVERSION = YES;
				CLANG_WARN_OBJC_IMPLICIT_RETAIN_SELF = YES;
				CLANG_WARN_OBJC_LITERAL_CONVERSION = YES;
				CLANG_WARN_OBJC_ROOT_CLASS = YES_ERROR;
				CLANG_WARN_QUOTED_INCLUDE_IN_FRAMEWORK_HEADER = YES;
				CLANG_WARN_RANGE_LOOP_ANALYSIS = YES;
				CLANG_WARN_STRICT_PROTOTYPES = YES;
				CLANG_WARN_SUSPICIOUS_MOVE = YES;
				CLANG_WARN_UNGUARDED_AVAILABILITY = YES_AGGRESSIVE;
				CLANG_WARN_UNREACHABLE_CODE = YES;
				CLANG_WARN__DUPLICATE_METHOD_MATCH = YES;
				COPY_PHASE_STRIP = NO;
				DEBUG_INFORMATION_FORMAT = "dwarf-with-dsym";
				ENABLE_NS_ASSERTIONS = NO;
				ENABLE_STRICT_OBJC_MSGSEND = YES;
				GCC_C_LANGUAGE_STANDARD = gnu11;
				GCC_NO_COMMON_BLOCKS = YES;
				GCC_WARN_64_TO_32_BIT_CONVERSION = YES;
				GCC_WARN_ABOUT_RETURN_TYPE = YES_ERROR;
				GCC_WARN_UNDECLARED_SELECTOR = YES;
				GCC_WARN_UNINITIALIZED_AUTOS = YES_AGGRESSIVE;
				GCC_WARN_UNUSED_FUNCTION = YES;
				GCC_WARN_UNUSED_VARIABLE = YES;
				IPHONEOS_DEPLOYMENT_TARGET = 16.4;
				MTL_ENABLE_DEBUG_INFO = NO;
				MTL_FAST_MATH = YES;
				SDKROOT = iphoneos;
				SWIFT_COMPILATION_MODE = wholemodule;
				SWIFT_OPTIMIZATION_LEVEL = "-O";
				VALIDATE_PRODUCT = YES;
			};
			name = Release;
		};
		D9E9D1A82A44D93100F19CD7 /* Debug */ = {
			isa = XCBuildConfiguration;
			baseConfigurationReference = DD2C02955EF631EE6023D170 /* Pods-TikTok.debug.xcconfig */;
			buildSettings = {
				ASSETCATALOG_COMPILER_APPICON_NAME = AppIcon;
				ASSETCATALOG_COMPILER_GLOBAL_ACCENT_COLOR_NAME = AccentColor;
				CODE_SIGN_STYLE = Automatic;
				CURRENT_PROJECT_VERSION = 1;
				GENERATE_INFOPLIST_FILE = YES;
				INFOPLIST_FILE = TikTok/Info.plist;
				INFOPLIST_KEY_UIApplicationSupportsIndirectInputEvents = YES;
				INFOPLIST_KEY_UILaunchStoryboardName = LaunchScreen;
				INFOPLIST_KEY_UIMainStoryboardFile = Main;
				INFOPLIST_KEY_UISupportedInterfaceOrientations_iPad = "UIInterfaceOrientationPortrait UIInterfaceOrientationPortraitUpsideDown UIInterfaceOrientationLandscapeLeft UIInterfaceOrientationLandscapeRight";
				INFOPLIST_KEY_UISupportedInterfaceOrientations_iPhone = "UIInterfaceOrientationPortrait UIInterfaceOrientationLandscapeLeft UIInterfaceOrientationLandscapeRight";
				LD_RUNPATH_SEARCH_PATHS = (
					"$(inherited)",
					"@executable_path/Frameworks",
				);
				MARKETING_VERSION = 1.0;
				PRODUCT_BUNDLE_IDENTIFIER = wherar3y0.TikTok;
				PRODUCT_NAME = "$(TARGET_NAME)";
				SWIFT_EMIT_LOC_STRINGS = YES;
				SWIFT_VERSION = 5.0;
				TARGETED_DEVICE_FAMILY = "1,2";
			};
			name = Debug;
		};
		D9E9D1A92A44D93100F19CD7 /* Release */ = {
			isa = XCBuildConfiguration;
			baseConfigurationReference = 50E312B25114DB56B96F6466 /* Pods-TikTok.release.xcconfig */;
			buildSettings = {
				ASSETCATALOG_COMPILER_APPICON_NAME = AppIcon;
				ASSETCATALOG_COMPILER_GLOBAL_ACCENT_COLOR_NAME = AccentColor;
				CODE_SIGN_STYLE = Automatic;
				CURRENT_PROJECT_VERSION = 1;
				GENERATE_INFOPLIST_FILE = YES;
				INFOPLIST_FILE = TikTok/Info.plist;
				INFOPLIST_KEY_UIApplicationSupportsIndirectInputEvents = YES;
				INFOPLIST_KEY_UILaunchStoryboardName = LaunchScreen;
				INFOPLIST_KEY_UIMainStoryboardFile = Main;
				INFOPLIST_KEY_UISupportedInterfaceOrientations_iPad = "UIInterfaceOrientationPortrait UIInterfaceOrientationPortraitUpsideDown UIInterfaceOrientationLandscapeLeft UIInterfaceOrientationLandscapeRight";
				INFOPLIST_KEY_UISupportedInterfaceOrientations_iPhone = "UIInterfaceOrientationPortrait UIInterfaceOrientationLandscapeLeft UIInterfaceOrientationLandscapeRight";
				LD_RUNPATH_SEARCH_PATHS = (
					"$(inherited)",
					"@executable_path/Frameworks",
				);
				MARKETING_VERSION = 1.0;
				PRODUCT_BUNDLE_IDENTIFIER = wherar3y0.TikTok;
				PRODUCT_NAME = "$(TARGET_NAME)";
				SWIFT_EMIT_LOC_STRINGS = YES;
				SWIFT_VERSION = 5.0;
				TARGETED_DEVICE_FAMILY = "1,2";
			};
			name = Release;
		};
		D9E9D1AB2A44D93100F19CD7 /* Debug */ = {
			isa = XCBuildConfiguration;
			baseConfigurationReference = 40391D350CB3DF5E7935E580 /* Pods-TikTokTests.debug.xcconfig */;
			buildSettings = {
				ALWAYS_EMBED_SWIFT_STANDARD_LIBRARIES = YES;
				BUNDLE_LOADER = "$(TEST_HOST)";
				CODE_SIGN_STYLE = Automatic;
				CURRENT_PROJECT_VERSION = 1;
				GENERATE_INFOPLIST_FILE = YES;
				IPHONEOS_DEPLOYMENT_TARGET = 16.4;
				MARKETING_VERSION = 1.0;
				PRODUCT_BUNDLE_IDENTIFIER = wherar3y0.TikTokTests;
				PRODUCT_NAME = "$(TARGET_NAME)";
				SWIFT_EMIT_LOC_STRINGS = NO;
				SWIFT_VERSION = 5.0;
				TARGETED_DEVICE_FAMILY = "1,2";
				TEST_HOST = "$(BUILT_PRODUCTS_DIR)/TikTok.app/$(BUNDLE_EXECUTABLE_FOLDER_PATH)/TikTok";
			};
			name = Debug;
		};
		D9E9D1AC2A44D93100F19CD7 /* Release */ = {
			isa = XCBuildConfiguration;
			baseConfigurationReference = BAF06B61E9C50A631D92E9DC /* Pods-TikTokTests.release.xcconfig */;
			buildSettings = {
				ALWAYS_EMBED_SWIFT_STANDARD_LIBRARIES = YES;
				BUNDLE_LOADER = "$(TEST_HOST)";
				CODE_SIGN_STYLE = Automatic;
				CURRENT_PROJECT_VERSION = 1;
				GENERATE_INFOPLIST_FILE = YES;
				IPHONEOS_DEPLOYMENT_TARGET = 16.4;
				MARKETING_VERSION = 1.0;
				PRODUCT_BUNDLE_IDENTIFIER = wherar3y0.TikTokTests;
				PRODUCT_NAME = "$(TARGET_NAME)";
				SWIFT_EMIT_LOC_STRINGS = NO;
				SWIFT_VERSION = 5.0;
				TARGETED_DEVICE_FAMILY = "1,2";
				TEST_HOST = "$(BUILT_PRODUCTS_DIR)/TikTok.app/$(BUNDLE_EXECUTABLE_FOLDER_PATH)/TikTok";
			};
			name = Release;
		};
		D9E9D1AE2A44D93100F19CD7 /* Debug */ = {
			isa = XCBuildConfiguration;
			baseConfigurationReference = 303067F4F68F996BE0D32B1F /* Pods-TikTok-TikTokUITests.debug.xcconfig */;
			buildSettings = {
				ALWAYS_EMBED_SWIFT_STANDARD_LIBRARIES = YES;
				CODE_SIGN_STYLE = Automatic;
				CURRENT_PROJECT_VERSION = 1;
				GENERATE_INFOPLIST_FILE = YES;
				MARKETING_VERSION = 1.0;
				PRODUCT_BUNDLE_IDENTIFIER = wherar3y0.TikTokUITests;
				PRODUCT_NAME = "$(TARGET_NAME)";
				SWIFT_EMIT_LOC_STRINGS = NO;
				SWIFT_VERSION = 5.0;
				TARGETED_DEVICE_FAMILY = "1,2";
				TEST_TARGET_NAME = TikTok;
			};
			name = Debug;
		};
		D9E9D1AF2A44D93100F19CD7 /* Release */ = {
			isa = XCBuildConfiguration;
			baseConfigurationReference = 3CAA540253843F5BBF55F83B /* Pods-TikTok-TikTokUITests.release.xcconfig */;
			buildSettings = {
				ALWAYS_EMBED_SWIFT_STANDARD_LIBRARIES = YES;
				CODE_SIGN_STYLE = Automatic;
				CURRENT_PROJECT_VERSION = 1;
				GENERATE_INFOPLIST_FILE = YES;
				MARKETING_VERSION = 1.0;
				PRODUCT_BUNDLE_IDENTIFIER = wherar3y0.TikTokUITests;
				PRODUCT_NAME = "$(TARGET_NAME)";
				SWIFT_EMIT_LOC_STRINGS = NO;
				SWIFT_VERSION = 5.0;
				TARGETED_DEVICE_FAMILY = "1,2";
				TEST_TARGET_NAME = TikTok;
			};
			name = Release;
		};
/* End XCBuildConfiguration section */

/* Begin XCConfigurationList section */
		D9E9D1782A44D92D00F19CD7 /* Build configuration list for PBXProject "TikTok" */ = {
			isa = XCConfigurationList;
			buildConfigurations = (
				D9E9D1A52A44D93100F19CD7 /* Debug */,
				D9E9D1A62A44D93100F19CD7 /* Release */,
			);
			defaultConfigurationIsVisible = 0;
			defaultConfigurationName = Release;
		};
		D9E9D1A72A44D93100F19CD7 /* Build configuration list for PBXNativeTarget "TikTok" */ = {
			isa = XCConfigurationList;
			buildConfigurations = (
				D9E9D1A82A44D93100F19CD7 /* Debug */,
				D9E9D1A92A44D93100F19CD7 /* Release */,
			);
			defaultConfigurationIsVisible = 0;
			defaultConfigurationName = Release;
		};
		D9E9D1AA2A44D93100F19CD7 /* Build configuration list for PBXNativeTarget "TikTokTests" */ = {
			isa = XCConfigurationList;
			buildConfigurations = (
				D9E9D1AB2A44D93100F19CD7 /* Debug */,
				D9E9D1AC2A44D93100F19CD7 /* Release */,
			);
			defaultConfigurationIsVisible = 0;
			defaultConfigurationName = Release;
		};
		D9E9D1AD2A44D93100F19CD7 /* Build configuration list for PBXNativeTarget "TikTokUITests" */ = {
			isa = XCConfigurationList;
			buildConfigurations = (
				D9E9D1AE2A44D93100F19CD7 /* Debug */,
				D9E9D1AF2A44D93100F19CD7 /* Release */,
			);
			defaultConfigurationIsVisible = 0;
			defaultConfigurationName = Release;
		};
/* End XCConfigurationList section */
	};
	rootObject = D9E9D1752A44D92D00F19CD7 /* Project object */;
}
